
Microsoft Visual Studio Solution File, Format Version 12.00
# Visual Studio Version 16
VisualStudioVersion = 16.0.31613.86
MinimumVisualStudioVersion = 10.0.40219.1
Project("{FAE04EC0-301F-11D3-BF4B-00C04F79EFBC}") = "View", "View\View.csproj", "{C45AFA21-E0FB-4355-8561-5A061FB6C2F4}"
EndProject
Project("{FAE04EC0-301F-11D3-BF4B-00C04F79EFBC}") = "Model", "Model\Model.csproj", "{7B881A80-EEFB-49BE-9CBF-FEB79776F13F}"
EndProject
Global
	GlobalSection(SolutionConfigurationPlatforms) = preSolution
		Debug|Any CPU = Debug|Any CPU
		Release|Any CPU = Release|Any CPU
	EndGlobalSection
	GlobalSection(ProjectConfigurationPlatforms) = postSolution
		{C45AFA21-E0FB-4355-8561-5A061FB6C2F4}.Debug|Any CPU.ActiveCfg = Debug|Any CPU
		{C45AFA21-E0FB-4355-8561-5A061FB6C2F4}.Debug|Any CPU.Build.0 = Debug|Any CPU
		{C45AFA21-E0FB-4355-8561-5A061FB6C2F4}.Release|Any CPU.ActiveCfg = Release|Any CPU
		{C45AFA21-E0FB-4355-8561-5A061FB6C2F4}.Release|Any CPU.Build.0 = Release|Any CPU
		{7B881A80-EEFB-49BE-9CBF-FEB79776F13F}.Debug|Any CPU.ActiveCfg = Debug|Any CPU
		{7B881A80-EEFB-49BE-9CBF-FEB79776F13F}.Debug|Any CPU.Build.0 = Debug|Any CPU
		{7B881A80-EEFB-49BE-9CBF-FEB79776F13F}.Release|Any CPU.ActiveCfg = Release|Any CPU
		{7B881A80-EEFB-49BE-9CBF-FEB79776F13F}.Release|Any CPU.Build.0 = Release|Any CPU
	EndGlobalSection
	GlobalSection(SolutionProperties) = preSolution
		HideSolutionNode = FALSE
	EndGlobalSection
	GlobalSection(ExtensibilityGlobals) = postSolution
		SolutionGuid = {55238DCD-A601-469C-A11A-572901CCCCFC}
	EndGlobalSection
EndGlobal
